
Microsoft Visual Studio Solution File, Format Version 12.00
# Visual Studio Version 16
VisualStudioVersion = 16.0.31702.278
MinimumVisualStudioVersion = 10.0.40219.1
Project("{FAE04EC0-301F-11D3-BF4B-00C04F79EFBC}") = "Messenger", "Messenger.csproj", "{1A224031-DBCB-4BAD-AEBB-DDB561E3B875}"
EndProject
Global
	GlobalSection(SolutionConfigurationPlatforms) = preSolution
		Debug|Any CPU = Debug|Any CPU
		Release|Any CPU = Release|Any CPU
	EndGlobalSection
	GlobalSection(ProjectConfigurationPlatforms) = postSolution
		{1A224031-DBCB-4BAD-AEBB-DDB561E3B875}.Debug|Any CPU.ActiveCfg = Debug|Any CPU
		{1A224031-DBCB-4BAD-AEBB-DDB561E3B875}.Debug|Any CPU.Build.0 = Debug|Any CPU
		{1A224031-DBCB-4BAD-AEBB-DDB561E3B875}.Release|Any CPU.ActiveCfg = Release|Any CPU
		{1A224031-DBCB-4BAD-AEBB-DDB561E3B875}.Release|Any CPU.Build.0 = Release|Any CPU
	EndGlobalSection
	GlobalSection(SolutionProperties) = preSolution
		HideSolutionNode = FALSE
	EndGlobalSection
	GlobalSection(ExtensibilityGlobals) = postSolution
		SolutionGuid = {B07B4FDD-3886-492E-9BA3-949C8CE26245}
	EndGlobalSection
EndGlobal
